
Microsoft Visual Studio Solution File, Format Version 12.00
# Visual Studio Version 16
VisualStudioVersion = 16.0.32126.315
MinimumVisualStudioVersion = 10.0.40219.1
Project("{FAE04EC0-301F-11D3-BF4B-00C04F79EFBC}") = "Xadrez_Console", "Xadrez_Console\Xadrez_Console.csproj", "{873CEAF3-C91A-43A9-9708-0627E0C396ED}"
EndProject
Global
	GlobalSection(SolutionConfigurationPlatforms) = preSolution
		Debug|Any CPU = Debug|Any CPU
		Release|Any CPU = Release|Any CPU
	EndGlobalSection
	GlobalSection(ProjectConfigurationPlatforms) = postSolution
		{873CEAF3-C91A-43A9-9708-0627E0C396ED}.Debug|Any CPU.ActiveCfg = Debug|Any CPU
		{873CEAF3-C91A-43A9-9708-0627E0C396ED}.Debug|Any CPU.Build.0 = Debug|Any CPU
		{873CEAF3-C91A-43A9-9708-0627E0C396ED}.Release|Any CPU.ActiveCfg = Release|Any CPU
		{873CEAF3-C91A-43A9-9708-0627E0C396ED}.Release|Any CPU.Build.0 = Release|Any CPU
	EndGlobalSection
	GlobalSection(SolutionProperties) = preSolution
		HideSolutionNode = FALSE
	EndGlobalSection
	GlobalSection(ExtensibilityGlobals) = postSolution
		SolutionGuid = {36EF916D-E309-41B7-A6EC-67AFD1FC6D64}
	EndGlobalSection
EndGlobal
